// !$*UTF8*$!
{
	archiveVersion = 1;
	classes = {
	};
	objectVersion = 50;
	objects = {

/* Begin PBXBuildFile section */
		0C1DF16521CC54C400CE013E /* JoinController.swift in Sources */ = {isa = PBXBuildFile; fileRef = 0C1DF16421CC54C400CE013E /* JoinController.swift */; };
		0C1DF16721CC54DC00CE013E /* HelpController.swift in Sources */ = {isa = PBXBuildFile; fileRef = 0C1DF16621CC54DC00CE013E /* HelpController.swift */; };
		0C229DAF21F0D4F900FDFCDA /* ResetPController.swift in Sources */ = {isa = PBXBuildFile; fileRef = 0C229DAE21F0D4F900FDFCDA /* ResetPController.swift */; };
		0C6BD54C21AF4A7100048769 /* AppDelegate.swift in Sources */ = {isa = PBXBuildFile; fileRef = 0C6BD54B21AF4A7100048769 /* AppDelegate.swift */; };
		0C6BD54E21AF4A7100048769 /* ViewController.swift in Sources */ = {isa = PBXBuildFile; fileRef = 0C6BD54D21AF4A7100048769 /* ViewController.swift */; };
		0C6BD55121AF4A7100048769 /* Main.storyboard in Resources */ = {isa = PBXBuildFile; fileRef = 0C6BD54F21AF4A7100048769 /* Main.storyboard */; };
		0C6BD55321AF4A7200048769 /* Assets.xcassets in Resources */ = {isa = PBXBuildFile; fileRef = 0C6BD55221AF4A7200048769 /* Assets.xcassets */; };
		0C6BD55621AF4A7200048769 /* LaunchScreen.storyboard in Resources */ = {isa = PBXBuildFile; fileRef = 0C6BD55421AF4A7200048769 /* LaunchScreen.storyboard */; };
		0C6BD55E21AF4A8D00048769 /* GoogleService-Info.plist in Resources */ = {isa = PBXBuildFile; fileRef = 0C6BD55D21AF4A8D00048769 /* GoogleService-Info.plist */; };
		0C6BD56021B007ED00048769 /* MenuController.swift in Sources */ = {isa = PBXBuildFile; fileRef = 0C6BD55F21B007ED00048769 /* MenuController.swift */; };
		0C6BD56221B0080500048769 /* HistoricController.swift in Sources */ = {isa = PBXBuildFile; fileRef = 0C6BD56121B0080500048769 /* HistoricController.swift */; };
		0CC412F021C56589004D9C97 /* AdminController.swift in Sources */ = {isa = PBXBuildFile; fileRef = 0CC412EF21C56589004D9C97 /* AdminController.swift */; };
		0CEAF8A821EE28000087EECB /* SystemConfiguration.framework in Frameworks */ = {isa = PBXBuildFile; fileRef = 0CEAF89F21EE28000087EECB /* SystemConfiguration.framework */; };
		0CEAF8A921EE28000087EECB /* AudioToolbox.framework in Frameworks */ = {isa = PBXBuildFile; fileRef = 0CEAF8A021EE28000087EECB /* AudioToolbox.framework */; };
		0CEAF8AA21EE28000087EECB /* MobileCoreServices.framework in Frameworks */ = {isa = PBXBuildFile; fileRef = 0CEAF8A121EE28000087EECB /* MobileCoreServices.framework */; };
		0CEAF8AB21EE28000087EECB /* CoreMedia.framework in Frameworks */ = {isa = PBXBuildFile; fileRef = 0CEAF8A221EE28000087EECB /* CoreMedia.framework */; };
		0CEAF8AC21EE28000087EECB /* MessageUI.framework in Frameworks */ = {isa = PBXBuildFile; fileRef = 0CEAF8A321EE28000087EECB /* MessageUI.framework */; };
		0CEAF8AD21EE28000087EECB /* CoreLocation.framework in Frameworks */ = {isa = PBXBuildFile; fileRef = 0CEAF8A421EE28000087EECB /* CoreLocation.framework */; };
		0CEAF8AE21EE28000087EECB /* Accelerate.framework in Frameworks */ = {isa = PBXBuildFile; fileRef = 0CEAF8A521EE28000087EECB /* Accelerate.framework */; };
		0CEAF8AF21EE28000087EECB /* SafariServices.framework in Frameworks */ = {isa = PBXBuildFile; fileRef = 0CEAF8A621EE28000087EECB /* SafariServices.framework */; };
		0CEAF8B021EE28000087EECB /* AVFoundation.framework in Frameworks */ = {isa = PBXBuildFile; fileRef = 0CEAF8A721EE28000087EECB /* AVFoundation.framework */; };
		A5B8032ED75570F9A84AC490 /* Pods_RMania.framework in Frameworks */ = {isa = PBXBuildFile; fileRef = EFC81127D6FE20FE9428DE8E /* Pods_RMania.framework */; };
/* End PBXBuildFile section */

/* Begin PBXFileReference section */
		0C1DF16421CC54C400CE013E /* JoinController.swift */ = {isa = PBXFileReference; lastKnownFileType = sourcecode.swift; path = JoinController.swift; sourceTree = "<group>"; };
		0C1DF16621CC54DC00CE013E /* HelpController.swift */ = {isa = PBXFileReference; lastKnownFileType = sourcecode.swift; path = HelpController.swift; sourceTree = "<group>"; };
		0C229DAE21F0D4F900FDFCDA /* ResetPController.swift */ = {isa = PBXFileReference; lastKnownFileType = sourcecode.swift; path = ResetPController.swift; sourceTree = "<group>"; };
		0C6BD54821AF4A7100048769 /* RMania.app */ = {isa = PBXFileReference; explicitFileType = wrapper.application; includeInIndex = 0; path = RMania.app; sourceTree = BUILT_PRODUCTS_DIR; };
		0C6BD54B21AF4A7100048769 /* AppDelegate.swift */ = {isa = PBXFileReference; lastKnownFileType = sourcecode.swift; path = AppDelegate.swift; sourceTree = "<group>"; };
		0C6BD54D21AF4A7100048769 /* ViewController.swift */ = {isa = PBXFileReference; lastKnownFileType = sourcecode.swift; path = ViewController.swift; sourceTree = "<group>"; };
		0C6BD55021AF4A7100048769 /* Base */ = {isa = PBXFileReference; lastKnownFileType = file.storyboard; name = Base; path = Base.lproj/Main.storyboard; sourceTree = "<group>"; };
		0C6BD55221AF4A7200048769 /* Assets.xcassets */ = {isa = PBXFileReference; lastKnownFileType = folder.assetcatalog; path = Assets.xcassets; sourceTree = "<group>"; };
		0C6BD55521AF4A7200048769 /* Base */ = {isa = PBXFileReference; lastKnownFileType = file.storyboard; name = Base; path = Base.lproj/LaunchScreen.storyboard; sourceTree = "<group>"; };
		0C6BD55721AF4A7200048769 /* Info.plist */ = {isa = PBXFileReference; lastKnownFileType = text.plist.xml; path = Info.plist; sourceTree = "<group>"; };
		0C6BD55D21AF4A8D00048769 /* GoogleService-Info.plist */ = {isa = PBXFileReference; fileEncoding = 4; lastKnownFileType = text.plist.xml; path = "GoogleService-Info.plist"; sourceTree = "<group>"; };
		0C6BD55F21B007ED00048769 /* MenuController.swift */ = {isa = PBXFileReference; lastKnownFileType = sourcecode.swift; path = MenuController.swift; sourceTree = "<group>"; };
		0C6BD56121B0080500048769 /* HistoricController.swift */ = {isa = PBXFileReference; lastKnownFileType = sourcecode.swift; path = HistoricController.swift; sourceTree = "<group>"; };
		0CC412EF21C56589004D9C97 /* AdminController.swift */ = {isa = PBXFileReference; lastKnownFileType = sourcecode.swift; path = AdminController.swift; sourceTree = "<group>"; };
		0CEAF89B21EE26610087EECB /* RMania-Bridging-Header.h */ = {isa = PBXFileReference; lastKnownFileType = sourcecode.c.h; path = "RMania-Bridging-Header.h"; sourceTree = "<group>"; };
		0CEAF89E21EE26E50087EECB /* ZZAppDelegate.h */ = {isa = PBXFileReference; lastKnownFileType = sourcecode.c.h; path = ZZAppDelegate.h; sourceTree = "<group>"; };
		0CEAF89F21EE28000087EECB /* SystemConfiguration.framework */ = {isa = PBXFileReference; lastKnownFileType = wrapper.framework; name = SystemConfiguration.framework; path = System/Library/Frameworks/SystemConfiguration.framework; sourceTree = SDKROOT; };
		0CEAF8A021EE28000087EECB /* AudioToolbox.framework */ = {isa = PBXFileReference; lastKnownFileType = wrapper.framework; name = AudioToolbox.framework; path = System/Library/Frameworks/AudioToolbox.framework; sourceTree = SDKROOT; };
		0CEAF8A121EE28000087EECB /* MobileCoreServices.framework */ = {isa = PBXFileReference; lastKnownFileType = wrapper.framework; name = MobileCoreServices.framework; path = System/Library/Frameworks/MobileCoreServices.framework; sourceTree = SDKROOT; };
		0CEAF8A221EE28000087EECB /* CoreMedia.framework */ = {isa = PBXFileReference; lastKnownFileType = wrapper.framework; name = CoreMedia.framework; path = System/Library/Frameworks/CoreMedia.framework; sourceTree = SDKROOT; };
		0CEAF8A321EE28000087EECB /* MessageUI.framework */ = {isa = PBXFileReference; lastKnownFileType = wrapper.framework; name = MessageUI.framework; path = System/Library/Frameworks/MessageUI.framework; sourceTree = SDKROOT; };
		0CEAF8A421EE28000087EECB /* CoreLocation.framework */ = {isa = PBXFileReference; lastKnownFileType = wrapper.framework; name = CoreLocation.framework; path = System/Library/Frameworks/CoreLocation.framework; sourceTree = SDKROOT; };
		0CEAF8A521EE28000087EECB /* Accelerate.framework */ = {isa = PBXFileReference; lastKnownFileType = wrapper.framework; name = Accelerate.framework; path = System/Library/Frameworks/Accelerate.framework; sourceTree = SDKROOT; };
		0CEAF8A621EE28000087EECB /* SafariServices.framework */ = {isa = PBXFileReference; lastKnownFileType = wrapper.framework; name = SafariServices.framework; path = System/Library/Frameworks/SafariServices.framework; sourceTree = SDKROOT; };
		0CEAF8A721EE28000087EECB /* AVFoundation.framework */ = {isa = PBXFileReference; lastKnownFileType = wrapper.framework; name = AVFoundation.framework; path = System/Library/Frameworks/AVFoundation.framework; sourceTree = SDKROOT; };
		1F9D47C8AA6BB1F1B9496972 /* Pods-RMania.debug.xcconfig */ = {isa = PBXFileReference; includeInIndex = 1; lastKnownFileType = text.xcconfig; name = "Pods-RMania.debug.xcconfig"; path = "Target Support Files/Pods-RMania/Pods-RMania.debug.xcconfig"; sourceTree = "<group>"; };
		7F3073A99E0B3D4F04D75139 /* Pods-RMania.release.xcconfig */ = {isa = PBXFileReference; includeInIndex = 1; lastKnownFileType = text.xcconfig; name = "Pods-RMania.release.xcconfig"; path = "Target Support Files/Pods-RMania/Pods-RMania.release.xcconfig"; sourceTree = "<group>"; };
		EFC81127D6FE20FE9428DE8E /* Pods_RMania.framework */ = {isa = PBXFileReference; explicitFileType = wrapper.framework; includeInIndex = 0; path = Pods_RMania.framework; sourceTree = BUILT_PRODUCTS_DIR; };
/* End PBXFileReference section */

/* Begin PBXFrameworksBuildPhase section */
		0C6BD54521AF4A7100048769 /* Frameworks */ = {
			isa = PBXFrameworksBuildPhase;
			buildActionMask = 2147483647;
			files = (
				0CEAF8A821EE28000087EECB /* SystemConfiguration.framework in Frameworks */,
				0CEAF8A921EE28000087EECB /* AudioToolbox.framework in Frameworks */,
				0CEAF8AA21EE28000087EECB /* MobileCoreServices.framework in Frameworks */,
				0CEAF8AB21EE28000087EECB /* CoreMedia.framework in Frameworks */,
				0CEAF8AC21EE28000087EECB /* MessageUI.framework in Frameworks */,
				0CEAF8AD21EE28000087EECB /* CoreLocation.framework in Frameworks */,
				0CEAF8AE21EE28000087EECB /* Accelerate.framework in Frameworks */,
				0CEAF8AF21EE28000087EECB /* SafariServices.framework in Frameworks */,
				0CEAF8B021EE28000087EECB /* AVFoundation.framework in Frameworks */,
				A5B8032ED75570F9A84AC490 /* Pods_RMania.framework in Frameworks */,
			);
			runOnlyForDeploymentPostprocessing = 0;
		};
/* End PBXFrameworksBuildPhase section */

/* Begin PBXGroup section */
		0C6BD53F21AF4A7100048769 = {
			isa = PBXGroup;
			children = (
				0C6BD54A21AF4A7100048769 /* RMania */,
				0C6BD54921AF4A7100048769 /* Products */,
				5B9F869044259D269F5E2A0B /* Pods */,
				3A06CD48F6055ED4A9B31241 /* Frameworks */,
			);
			sourceTree = "<group>";
		};
		0C6BD54921AF4A7100048769 /* Products */ = {
			isa = PBXGroup;
			children = (
				0C6BD54821AF4A7100048769 /* RMania.app */,
			);
			name = Products;
			sourceTree = "<group>";
		};
		0C6BD54A21AF4A7100048769 /* RMania */ = {
			isa = PBXGroup;
			children = (
				0C6BD54B21AF4A7100048769 /* AppDelegate.swift */,
				0C6BD54D21AF4A7100048769 /* ViewController.swift */,
				0C6BD55F21B007ED00048769 /* MenuController.swift */,
				0C6BD56121B0080500048769 /* HistoricController.swift */,
				0CC412EF21C56589004D9C97 /* AdminController.swift */,
				0C1DF16421CC54C400CE013E /* JoinController.swift */,
				0C1DF16621CC54DC00CE013E /* HelpController.swift */,
				0C229DAE21F0D4F900FDFCDA /* ResetPController.swift */,
				0C6BD54F21AF4A7100048769 /* Main.storyboard */,
				0C6BD55221AF4A7200048769 /* Assets.xcassets */,
				0C6BD55421AF4A7200048769 /* LaunchScreen.storyboard */,
				0C6BD55721AF4A7200048769 /* Info.plist */,
				0C6BD55D21AF4A8D00048769 /* GoogleService-Info.plist */,
				0CEAF89B21EE26610087EECB /* RMania-Bridging-Header.h */,
				0CEAF89E21EE26E50087EECB /* ZZAppDelegate.h */,
			);
			path = RMania;
			sourceTree = "<group>";
		};
		3A06CD48F6055ED4A9B31241 /* Frameworks */ = {
			isa = PBXGroup;
			children = (
				0CEAF8A521EE28000087EECB /* Accelerate.framework */,
				0CEAF8A021EE28000087EECB /* AudioToolbox.framework */,
				0CEAF8A721EE28000087EECB /* AVFoundation.framework */,
				0CEAF8A421EE28000087EECB /* CoreLocation.framework */,
				0CEAF8A221EE28000087EECB /* CoreMedia.framework */,
				0CEAF8A321EE28000087EECB /* MessageUI.framework */,
				0CEAF8A121EE28000087EECB /* MobileCoreServices.framework */,
				0CEAF8A621EE28000087EECB /* SafariServices.framework */,
				0CEAF89F21EE28000087EECB /* SystemConfiguration.framework */,
				EFC81127D6FE20FE9428DE8E /* Pods_RMania.framework */,
			);
			name = Frameworks;
			sourceTree = "<group>";
		};
		5B9F869044259D269F5E2A0B /* Pods */ = {
			isa = PBXGroup;
			children = (
				1F9D47C8AA6BB1F1B9496972 /* Pods-RMania.debug.xcconfig */,
				7F3073A99E0B3D4F04D75139 /* Pods-RMania.release.xcconfig */,
			);
			path = Pods;
			sourceTree = "<group>";
		};
/* End PBXGroup section */

/* Begin PBXNativeTarget section */
		0C6BD54721AF4A7100048769 /* RMania */ = {
			isa = PBXNativeTarget;
			buildConfigurationList = 0C6BD55A21AF4A7200048769 /* Build configuration list for PBXNativeTarget "RMania" */;
			buildPhases = (
				3D46C344FBC8531E2BBA0A35 /* [CP] Check Pods Manifest.lock */,
				0C6BD54421AF4A7100048769 /* Sources */,
				0C6BD54521AF4A7100048769 /* Frameworks */,
				0C6BD54621AF4A7100048769 /* Resources */,
				966B2FDA530452488B390AB4 /* [CP] Embed Pods Frameworks */,
			);
			buildRules = (
			);
			dependencies = (
			);
			name = RMania;
			productName = RMania;
			productReference = 0C6BD54821AF4A7100048769 /* RMania.app */;
			productType = "com.apple.product-type.application";
		};
/* End PBXNativeTarget section */

/* Begin PBXProject section */
		0C6BD54021AF4A7100048769 /* Project object */ = {
			isa = PBXProject;
			attributes = {
				LastSwiftUpdateCheck = 1010;
				LastUpgradeCheck = 1010;
				ORGANIZATIONNAME = "Joel Vangente";
				TargetAttributes = {
					0C6BD54721AF4A7100048769 = {
						CreatedOnToolsVersion = 10.1;
						LastSwiftMigration = 1010;
					};
				};
			};
			buildConfigurationList = 0C6BD54321AF4A7100048769 /* Build configuration list for PBXProject "RMania" */;
			compatibilityVersion = "Xcode 9.3";
			developmentRegion = en;
			hasScannedForEncodings = 0;
			knownRegions = (
				en,
				Base,
			);
			mainGroup = 0C6BD53F21AF4A7100048769;
			productRefGroup = 0C6BD54921AF4A7100048769 /* Products */;
			projectDirPath = "";
			projectRoot = "";
			targets = (
				0C6BD54721AF4A7100048769 /* RMania */,
			);
		};
/* End PBXProject section */

/* Begin PBXResourcesBuildPhase section */
		0C6BD54621AF4A7100048769 /* Resources */ = {
			isa = PBXResourcesBuildPhase;
			buildActionMask = 2147483647;
			files = (
				0C6BD55621AF4A7200048769 /* LaunchScreen.storyboard in Resources */,
				0C6BD55E21AF4A8D00048769 /* GoogleService-Info.plist in Resources */,
				0C6BD55321AF4A7200048769 /* Assets.xcassets in Resources */,
				0C6BD55121AF4A7100048769 /* Main.storyboard in Resources */,
			);
			runOnlyForDeploymentPostprocessing = 0;
		};
/* End PBXResourcesBuildPhase section */

/* Begin PBXShellScriptBuildPhase section */
		3D46C344FBC8531E2BBA0A35 /* [CP] Check Pods Manifest.lock */ = {
			isa = PBXShellScriptBuildPhase;
			buildActionMask = 2147483647;
			files = (
			);
			inputFileListPaths = (
			);
			inputPaths = (
				"${PODS_PODFILE_DIR_PATH}/Podfile.lock",
				"${PODS_ROOT}/Manifest.lock",
			);
			name = "[CP] Check Pods Manifest.lock";
			outputFileListPaths = (
			);
			outputPaths = (
				"$(DERIVED_FILE_DIR)/Pods-RMania-checkManifestLockResult.txt",
			);
			runOnlyForDeploymentPostprocessing = 0;
			shellPath = /bin/sh;
			shellScript = "diff \"${PODS_PODFILE_DIR_PATH}/Podfile.lock\" \"${PODS_ROOT}/Manifest.lock\" > /dev/null\nif [ $? != 0 ] ; then\n    # print error to STDERR\n    echo \"error: The sandbox is not in sync with the Podfile.lock. Run 'pod install' or update your CocoaPods installation.\" >&2\n    exit 1\nfi\n# This output is used by Xcode 'outputs' to avoid re-running this script phase.\necho \"SUCCESS\" > \"${SCRIPT_OUTPUT_FILE_0}\"\n";
			showEnvVarsInLog = 0;
		};
		966B2FDA530452488B390AB4 /* [CP] Embed Pods Frameworks */ = {
			isa = PBXShellScriptBuildPhase;
			buildActionMask = 2147483647;
			files = (
			);
			inputFileListPaths = (
			);
			inputPaths = (
				"${PODS_ROOT}/Target Support Files/Pods-RMania/Pods-RMania-frameworks.sh",
				"${BUILT_PRODUCTS_DIR}/GTMSessionFetcher/GTMSessionFetcher.framework",
				"${BUILT_PRODUCTS_DIR}/GoogleToolboxForMac/GoogleToolboxForMac.framework",
				"${BUILT_PRODUCTS_DIR}/leveldb-library/leveldb.framework",
				"${BUILT_PRODUCTS_DIR}/nanopb/nanopb.framework",
			);
			name = "[CP] Embed Pods Frameworks";
			outputFileListPaths = (
			);
			outputPaths = (
				"${TARGET_BUILD_DIR}/${FRAMEWORKS_FOLDER_PATH}/GTMSessionFetcher.framework",
				"${TARGET_BUILD_DIR}/${FRAMEWORKS_FOLDER_PATH}/GoogleToolboxForMac.framework",
				"${TARGET_BUILD_DIR}/${FRAMEWORKS_FOLDER_PATH}/leveldb.framework",
				"${TARGET_BUILD_DIR}/${FRAMEWORKS_FOLDER_PATH}/nanopb.framework",
			);
			runOnlyForDeploymentPostprocessing = 0;
			shellPath = /bin/sh;
			shellScript = "\"${PODS_ROOT}/Target Support Files/Pods-RMania/Pods-RMania-frameworks.sh\"\n";
			showEnvVarsInLog = 0;
		};
/* End PBXShellScriptBuildPhase section */

/* Begin PBXSourcesBuildPhase section */
		0C6BD54421AF4A7100048769 /* Sources */ = {
			isa = PBXSourcesBuildPhase;
			buildActionMask = 2147483647;
			files = (
				0C229DAF21F0D4F900FDFCDA /* ResetPController.swift in Sources */,
				0C6BD56221B0080500048769 /* HistoricController.swift in Sources */,
				0C1DF16721CC54DC00CE013E /* HelpController.swift in Sources */,
				0C1DF16521CC54C400CE013E /* JoinController.swift in Sources */,
				0C6BD54E21AF4A7100048769 /* ViewController.swift in Sources */,
				0C6BD56021B007ED00048769 /* MenuController.swift in Sources */,
				0CC412F021C56589004D9C97 /* AdminController.swift in Sources */,
				0C6BD54C21AF4A7100048769 /* AppDelegate.swift in Sources */,
			);
			runOnlyForDeploymentPostprocessing = 0;
		};
/* End PBXSourcesBuildPhase section */

/* Begin PBXVariantGroup section */
		0C6BD54F21AF4A7100048769 /* Main.storyboard */ = {
			isa = PBXVariantGroup;
			children = (
				0C6BD55021AF4A7100048769 /* Base */,
			);
			name = Main.storyboard;
			sourceTree = "<group>";
		};
		0C6BD55421AF4A7200048769 /* LaunchScreen.storyboard */ = {
			isa = PBXVariantGroup;
			children = (
				0C6BD55521AF4A7200048769 /* Base */,
			);
			name = LaunchScreen.storyboard;
			sourceTree = "<group>";
		};
/* End PBXVariantGroup section */

/* Begin XCBuildConfiguration section */
		0C6BD55821AF4A7200048769 /* Debug */ = {
			isa = XCBuildConfiguration;
			buildSettings = {
				ALWAYS_SEARCH_USER_PATHS = NO;
				CLANG_ANALYZER_NONNULL = YES;
				CLANG_ANALYZER_NUMBER_OBJECT_CONVERSION = YES_AGGRESSIVE;
				CLANG_CXX_LANGUAGE_STANDARD = "gnu++14";
				CLANG_CXX_LIBRARY = "libc++";
				CLANG_ENABLE_MODULES = YES;
				CLANG_ENABLE_OBJC_ARC = YES;
				CLANG_ENABLE_OBJC_WEAK = YES;
				CLANG_WARN_BLOCK_CAPTURE_AUTORELEASING = YES;
				CLANG_WARN_BOOL_CONVERSION = YES;
				CLANG_WARN_COMMA = YES;
				CLANG_WARN_CONSTANT_CONVERSION = YES;
				CLANG_WARN_DEPRECATED_OBJC_IMPLEMENTATIONS = YES;
				CLANG_WARN_DIRECT_OBJC_ISA_USAGE = YES_ERROR;
				CLANG_WARN_DOCUMENTATION_COMMENTS = YES;
				CLANG_WARN_EMPTY_BODY = YES;
				CLANG_WARN_ENUM_CONVERSION = YES;
				CLANG_WARN_INFINITE_RECURSION = YES;
				CLANG_WARN_INT_CONVERSION = YES;
				CLANG_WARN_NON_LITERAL_NULL_CONVERSION = YES;
				CLANG_WARN_OBJC_IMPLICIT_RETAIN_SELF = YES;
				CLANG_WARN_OBJC_LITERAL_CONVERSION = YES;
				CLANG_WARN_OBJC_ROOT_CLASS = YES_ERROR;
				CLANG_WARN_RANGE_LOOP_ANALYSIS = YES;
				CLANG_WARN_STRICT_PROTOTYPES = YES;
				CLANG_WARN_SUSPICIOUS_MOVE = YES;
				CLANG_WARN_UNGUARDED_AVAILABILITY = YES_AGGRESSIVE;
				CLANG_WARN_UNREACHABLE_CODE = YES;
				CLANG_WARN__DUPLICATE_METHOD_MATCH = YES;
				CODE_SIGN_IDENTITY = "iPhone Developer";
				COPY_PHASE_STRIP = NO;
				DEBUG_INFORMATION_FORMAT = dwarf;
				ENABLE_STRICT_OBJC_MSGSEND = YES;
				ENABLE_TESTABILITY = YES;
				GCC_C_LANGUAGE_STANDARD = gnu11;
				GCC_DYNAMIC_NO_PIC = NO;
				GCC_NO_COMMON_BLOCKS = YES;
				GCC_OPTIMIZATION_LEVEL = 0;
				GCC_PREPROCESSOR_DEFINITIONS = (
					"DEBUG=1",
					"$(inherited)",
				);
				GCC_WARN_64_TO_32_BIT_CONVERSION = YES;
				GCC_WARN_ABOUT_RETURN_TYPE = YES_ERROR;
				GCC_WARN_UNDECLARED_SELECTOR = YES;
				GCC_WARN_UNINITIALIZED_AUTOS = YES_AGGRESSIVE;
				GCC_WARN_UNUSED_FUNCTION = YES;
				GCC_WARN_UNUSED_VARIABLE = YES;
				IPHONEOS_DEPLOYMENT_TARGET = 12.1;
				MTL_ENABLE_DEBUG_INFO = INCLUDE_SOURCE;
				MTL_FAST_MATH = YES;
				ONLY_ACTIVE_ARCH = YES;
				SDKROOT = iphoneos;
				SWIFT_ACTIVE_COMPILATION_CONDITIONS = DEBUG;
				SWIFT_OPTIMIZATION_LEVEL = "-Onone";
			};
			name = Debug;
		};
		0C6BD55921AF4A7200048769 /* Release */ = {
			isa = XCBuildConfiguration;
			buildSettings = {
				ALWAYS_SEARCH_USER_PATHS = NO;
				CLANG_ANALYZER_NONNULL = YES;
				CLANG_ANALYZER_NUMBER_OBJECT_CONVERSION = YES_AGGRESSIVE;
				CLANG_CXX_LANGUAGE_STANDARD = "gnu++14";
				CLANG_CXX_LIBRARY = "libc++";
				CLANG_ENABLE_MODULES = YES;
				CLANG_ENABLE_OBJC_ARC = YES;
				CLANG_ENABLE_OBJC_WEAK = YES;
				CLANG_WARN_BLOCK_CAPTURE_AUTORELEASING = YES;
				CLANG_WARN_BOOL_CONVERSION = YES;
				CLANG_WARN_COMMA = YES;
				CLANG_WARN_CONSTANT_CONVERSION = YES;
				CLANG_WARN_DEPRECATED_OBJC_IMPLEMENTATIONS = YES;
				CLANG_WARN_DIRECT_OBJC_ISA_USAGE = YES_ERROR;
				CLANG_WARN_DOCUMENTATION_COMMENTS = YES;
				CLANG_WARN_EMPTY_BODY = YES;
				CLANG_WARN_ENUM_CONVERSION = YES;
				CLANG_WARN_INFINITE_RECURSION = YES;
				CLANG_WARN_INT_CONVERSION = YES;
				CLANG_WARN_NON_LITERAL_NULL_CONVERSION = YES;
				CLANG_WARN_OBJC_IMPLICIT_RETAIN_SELF = YES;
				CLANG_WARN_OBJC_LITERAL_CONVERSION = YES;
				CLANG_WARN_OBJC_ROOT_CLASS = YES_ERROR;
				CLANG_WARN_RANGE_LOOP_ANALYSIS = YES;
				CLANG_WARN_STRICT_PROTOTYPES = YES;
				CLANG_WARN_SUSPICIOUS_MOVE = YES;
				CLANG_WARN_UNGUARDED_AVAILABILITY = YES_AGGRESSIVE;
				CLANG_WARN_UNREACHABLE_CODE = YES;
				CLANG_WARN__DUPLICATE_METHOD_MATCH = YES;
				CODE_SIGN_IDENTITY = "iPhone Developer";
				COPY_PHASE_STRIP = NO;
				DEBUG_INFORMATION_FORMAT = "dwarf-with-dsym";
				ENABLE_NS_ASSERTIONS = NO;
				ENABLE_STRICT_OBJC_MSGSEND = YES;
				GCC_C_LANGUAGE_STANDARD = gnu11;
				GCC_NO_COMMON_BLOCKS = YES;
				GCC_WARN_64_TO_32_BIT_CONVERSION = YES;
				GCC_WARN_ABOUT_RETURN_TYPE = YES_ERROR;
				GCC_WARN_UNDECLARED_SELECTOR = YES;
				GCC_WARN_UNINITIALIZED_AUTOS = YES_AGGRESSIVE;
				GCC_WARN_UNUSED_FUNCTION = YES;
				GCC_WARN_UNUSED_VARIABLE = YES;
				IPHONEOS_DEPLOYMENT_TARGET = 12.1;
				MTL_ENABLE_DEBUG_INFO = NO;
				MTL_FAST_MATH = YES;
				SDKROOT = iphoneos;
				SWIFT_COMPILATION_MODE = wholemodule;
				SWIFT_OPTIMIZATION_LEVEL = "-O";
				VALIDATE_PRODUCT = YES;
			};
			name = Release;
		};
		0C6BD55B21AF4A7200048769 /* Debug */ = {
			isa = XCBuildConfiguration;
			baseConfigurationReference = 1F9D47C8AA6BB1F1B9496972 /* Pods-RMania.debug.xcconfig */;
			buildSettings = {
				ASSETCATALOG_COMPILER_APPICON_NAME = AppIcon;
				CLANG_ENABLE_MODULES = YES;
				CODE_SIGN_STYLE = Automatic;
				DEVELOPMENT_TEAM = F6D2M9YW4C;
				INFOPLIST_FILE = RMania/Info.plist;
				LD_RUNPATH_SEARCH_PATHS = (
					"$(inherited)",
					"@executable_path/Frameworks",
				);
				PRODUCT_BUNDLE_IDENTIFIER = uni.RMania;
				PRODUCT_NAME = "$(TARGET_NAME)";
				SWIFT_OBJC_BRIDGING_HEADER = "RMania/RMania-Bridging-Header.h";
				SWIFT_OPTIMIZATION_LEVEL = "-Onone";
				SWIFT_VERSION = 4.2;
				TARGETED_DEVICE_FAMILY = "1,2";
			};
			name = Debug;
		};
		0C6BD55C21AF4A7200048769 /* Release */ = {
			isa = XCBuildConfiguration;
			baseConfigurationReference = 7F3073A99E0B3D4F04D75139 /* Pods-RMania.release.xcconfig */;
			buildSettings = {
				ASSETCATALOG_COMPILER_APPICON_NAME = AppIcon;
				CLANG_ENABLE_MODULES = YES;
				CODE_SIGN_STYLE = Automatic;
				DEVELOPMENT_TEAM = F6D2M9YW4C;
				INFOPLIST_FILE = RMania/Info.plist;
				LD_RUNPATH_SEARCH_PATHS = (
					"$(inherited)",
					"@executable_path/Frameworks",
				);
				PRODUCT_BUNDLE_IDENTIFIER = uni.RMania;
				PRODUCT_NAME = "$(TARGET_NAME)";
				SWIFT_OBJC_BRIDGING_HEADER = "RMania/RMania-Bridging-Header.h";
				SWIFT_VERSION = 4.2;
				TARGETED_DEVICE_FAMILY = "1,2";
			};
			name = Release;
		};
/* End XCBuildConfiguration section */

/* Begin XCConfigurationList section */
		0C6BD54321AF4A7100048769 /* Build configuration list for PBXProject "RMania" */ = {
			isa = XCConfigurationList;
			buildConfigurations = (
				0C6BD55821AF4A7200048769 /* Debug */,
				0C6BD55921AF4A7200048769 /* Release */,
			);
			defaultConfigurationIsVisible = 0;
			defaultConfigurationName = Release;
		};
		0C6BD55A21AF4A7200048769 /* Build configuration list for PBXNativeTarget "RMania" */ = {
			isa = XCConfigurationList;
			buildConfigurations = (
				0C6BD55B21AF4A7200048769 /* Debug */,
				0C6BD55C21AF4A7200048769 /* Release */,
			);
			defaultConfigurationIsVisible = 0;
			defaultConfigurationName = Release;
		};
/* End XCConfigurationList section */
	};
	rootObject = 0C6BD54021AF4A7100048769 /* Project object */;
}
